{
  "requires": true,
  "lockfileVersion": 1,
  "dependencies": {
    "@exodus/schemasafe": {
      "version": "1.0.0-rc.3",
      "resolved": "https://registry.npmjs.org/@exodus/schemasafe/-/schemasafe-1.0.0-rc.3.tgz",
      "integrity": "sha512-GoXw0U2Qaa33m3eUcxuHnHpNvHjNlLo0gtV091XBpaRINaB4X6FGCG5XKxSFNFiPpugUDqNruHzaqpTdDm4AOg=="
    }
  }
}
